
Microsoft Visual Studio Solution File, Format Version 12.00
# Visual Studio Version 17
VisualStudioVersion = 17.5.002.0
MinimumVisualStudioVersion = 10.0.40219.1
Project("{9A19103F-16F7-4668-BE54-9A1E7A4F7556}") = "Client", "Client\Client.csproj", "{355DC2D1-91E8-4432-97F7-34987C0B7356}"
EndProject
Project("{9A19103F-16F7-4668-BE54-9A1E7A4F7556}") = "Server", "Server\Server.csproj", "{1AF1484C-1698-44CE-BEFC-7634615B3E0A}"
EndProject
Global
	GlobalSection(SolutionConfigurationPlatforms) = preSolution
		Debug|Any CPU = Debug|Any CPU
		Release|Any CPU = Release|Any CPU
	EndGlobalSection
	GlobalSection(ProjectConfigurationPlatforms) = postSolution
		{355DC2D1-91E8-4432-97F7-34987C0B7356}.Debug|Any CPU.ActiveCfg = Debug|Any CPU
		{355DC2D1-91E8-4432-97F7-34987C0B7356}.Debug|Any CPU.Build.0 = Debug|Any CPU
		{355DC2D1-91E8-4432-97F7-34987C0B7356}.Release|Any CPU.ActiveCfg = Release|Any CPU
		{355DC2D1-91E8-4432-97F7-34987C0B7356}.Release|Any CPU.Build.0 = Release|Any CPU
		{1AF1484C-1698-44CE-BEFC-7634615B3E0A}.Debug|Any CPU.ActiveCfg = Debug|Any CPU
		{1AF1484C-1698-44CE-BEFC-7634615B3E0A}.Debug|Any CPU.Build.0 = Debug|Any CPU
		{1AF1484C-1698-44CE-BEFC-7634615B3E0A}.Release|Any CPU.ActiveCfg = Release|Any CPU
		{1AF1484C-1698-44CE-BEFC-7634615B3E0A}.Release|Any CPU.Build.0 = Release|Any CPU
	EndGlobalSection
	GlobalSection(SolutionProperties) = preSolution
		HideSolutionNode = FALSE
	EndGlobalSection
	GlobalSection(ExtensibilityGlobals) = postSolution
		SolutionGuid = {10E3E7F6-9DBC-4FD5-B673-81DB7656AC4A}
	EndGlobalSection
EndGlobal
